
Microsoft Visual Studio Solution File, Format Version 11.00
# Visual Studio 2010
Project("{FAE04EC0-301F-11D3-BF4B-00C04F79EFBC}") = "Assembly-CSharp", "Assembly-CSharp.csproj", "{B18C48E7-C15E-C115-34B4-45E6E47BEBD4}"
EndProject
Project("{FAE04EC0-301F-11D3-BF4B-00C04F79EFBC}") = "ParrelSync", "ParrelSync.csproj", "{2C21833F-1109-9BC8-0247-896BCEB1A78A}"
EndProject
Global
	GlobalSection(SolutionConfigurationPlatforms) = preSolution
		Debug|Any CPU = Debug|Any CPU
		Release|Any CPU = Release|Any CPU
	EndGlobalSection
	GlobalSection(ProjectConfigurationPlatforms) = postSolution
		{B18C48E7-C15E-C115-34B4-45E6E47BEBD4}.Debug|Any CPU.ActiveCfg = Debug|Any CPU
		{B18C48E7-C15E-C115-34B4-45E6E47BEBD4}.Debug|Any CPU.Build.0 = Debug|Any CPU
		{B18C48E7-C15E-C115-34B4-45E6E47BEBD4}.Release|Any CPU.ActiveCfg = Release|Any CPU
		{B18C48E7-C15E-C115-34B4-45E6E47BEBD4}.Release|Any CPU.Build.0 = Release|Any CPU
		{2C21833F-1109-9BC8-0247-896BCEB1A78A}.Debug|Any CPU.ActiveCfg = Debug|Any CPU
		{2C21833F-1109-9BC8-0247-896BCEB1A78A}.Debug|Any CPU.Build.0 = Debug|Any CPU
		{2C21833F-1109-9BC8-0247-896BCEB1A78A}.Release|Any CPU.ActiveCfg = Release|Any CPU
		{2C21833F-1109-9BC8-0247-896BCEB1A78A}.Release|Any CPU.Build.0 = Release|Any CPU
	EndGlobalSection
	GlobalSection(SolutionProperties) = preSolution
		HideSolutionNode = FALSE
	EndGlobalSection
EndGlobal
